
Microsoft Visual Studio Solution File, Format Version 12.00
# Visual Studio Version 17
VisualStudioVersion = 17.11.35103.136
MinimumVisualStudioVersion = 10.0.40219.1
Project("{FAE04EC0-301F-11D3-BF4B-00C04F79EFBC}") = "MauiGyras", "MauiGyras\MauiGyras.csproj", "{94CD5079-0A9E-4B8D-A363-E65E1B021503}"
EndProject
Global
	GlobalSection(SolutionConfigurationPlatforms) = preSolution
		Debug|Any CPU = Debug|Any CPU
		Release|Any CPU = Release|Any CPU
	EndGlobalSection
	GlobalSection(ProjectConfigurationPlatforms) = postSolution
		{94CD5079-0A9E-4B8D-A363-E65E1B021503}.Debug|Any CPU.ActiveCfg = Debug|Any CPU
		{94CD5079-0A9E-4B8D-A363-E65E1B021503}.Debug|Any CPU.Build.0 = Debug|Any CPU
		{94CD5079-0A9E-4B8D-A363-E65E1B021503}.Debug|Any CPU.Deploy.0 = Debug|Any CPU
		{94CD5079-0A9E-4B8D-A363-E65E1B021503}.Release|Any CPU.ActiveCfg = Release|Any CPU
		{94CD5079-0A9E-4B8D-A363-E65E1B021503}.Release|Any CPU.Build.0 = Release|Any CPU
	EndGlobalSection
	GlobalSection(SolutionProperties) = preSolution
		HideSolutionNode = FALSE
	EndGlobalSection
	GlobalSection(ExtensibilityGlobals) = postSolution
		SolutionGuid = {8D016B56-031D-4953-ADC9-08FA490E593A}
	EndGlobalSection
EndGlobal
